
Microsoft Visual Studio Solution File, Format Version 12.00
# Visual Studio Version 16
VisualStudioVersion = 16.0.31424.327
MinimumVisualStudioVersion = 10.0.40219.1
Project("{FAE04EC0-301F-11D3-BF4B-00C04F79EFBC}") = "oricle_super_hero_wiki.Android", "oricle_super_hero_wiki.Android\oricle_super_hero_wiki.Android.csproj", "{71ECDF47-0C35-4574-82A6-323D7926558D}"
EndProject
Project("{FAE04EC0-301F-11D3-BF4B-00C04F79EFBC}") = "oricle_super_hero_wiki.iOS", "oricle_super_hero_wiki.iOS\oricle_super_hero_wiki.iOS.csproj", "{300C8156-E7AF-431F-8627-01869851604B}"
EndProject
Project("{FAE04EC0-301F-11D3-BF4B-00C04F79EFBC}") = "oricle_super_hero_wiki", "oricle_super_hero_wiki\oricle_super_hero_wiki.csproj", "{F939AF2F-CC7E-4281-BE02-B35B25D4DC36}"
EndProject
Global
	GlobalSection(SolutionConfigurationPlatforms) = preSolution
		Debug|Any CPU = Debug|Any CPU
		Debug|iPhone = Debug|iPhone
		Debug|iPhoneSimulator = Debug|iPhoneSimulator
		Release|Any CPU = Release|Any CPU
		Release|iPhone = Release|iPhone
		Release|iPhoneSimulator = Release|iPhoneSimulator
	EndGlobalSection
	GlobalSection(ProjectConfigurationPlatforms) = postSolution
		{71ECDF47-0C35-4574-82A6-323D7926558D}.Debug|Any CPU.ActiveCfg = Debug|Any CPU
		{71ECDF47-0C35-4574-82A6-323D7926558D}.Debug|Any CPU.Build.0 = Debug|Any CPU
		{71ECDF47-0C35-4574-82A6-323D7926558D}.Debug|Any CPU.Deploy.0 = Debug|Any CPU
		{71ECDF47-0C35-4574-82A6-323D7926558D}.Debug|iPhone.ActiveCfg = Debug|Any CPU
		{71ECDF47-0C35-4574-82A6-323D7926558D}.Debug|iPhone.Build.0 = Debug|Any CPU
		{71ECDF47-0C35-4574-82A6-323D7926558D}.Debug|iPhone.Deploy.0 = Debug|Any CPU
		{71ECDF47-0C35-4574-82A6-323D7926558D}.Debug|iPhoneSimulator.ActiveCfg = Debug|Any CPU
		{71ECDF47-0C35-4574-82A6-323D7926558D}.Debug|iPhoneSimulator.Build.0 = Debug|Any CPU
		{71ECDF47-0C35-4574-82A6-323D7926558D}.Debug|iPhoneSimulator.Deploy.0 = Debug|Any CPU
		{71ECDF47-0C35-4574-82A6-323D7926558D}.Release|Any CPU.ActiveCfg = Release|Any CPU
		{71ECDF47-0C35-4574-82A6-323D7926558D}.Release|Any CPU.Build.0 = Release|Any CPU
		{71ECDF47-0C35-4574-82A6-323D7926558D}.Release|Any CPU.Deploy.0 = Release|Any CPU
		{71ECDF47-0C35-4574-82A6-323D7926558D}.Release|iPhone.ActiveCfg = Release|Any CPU
		{71ECDF47-0C35-4574-82A6-323D7926558D}.Release|iPhone.Build.0 = Release|Any CPU
		{71ECDF47-0C35-4574-82A6-323D7926558D}.Release|iPhone.Deploy.0 = Release|Any CPU
		{71ECDF47-0C35-4574-82A6-323D7926558D}.Release|iPhoneSimulator.ActiveCfg = Release|Any CPU
		{71ECDF47-0C35-4574-82A6-323D7926558D}.Release|iPhoneSimulator.Build.0 = Release|Any CPU
		{71ECDF47-0C35-4574-82A6-323D7926558D}.Release|iPhoneSimulator.Deploy.0 = Release|Any CPU
		{300C8156-E7AF-431F-8627-01869851604B}.Debug|Any CPU.ActiveCfg = Debug|iPhone
		{300C8156-E7AF-431F-8627-01869851604B}.Debug|Any CPU.Build.0 = Debug|iPhone
		{300C8156-E7AF-431F-8627-01869851604B}.Debug|Any CPU.Deploy.0 = Debug|iPhone
		{300C8156-E7AF-431F-8627-01869851604B}.Debug|iPhone.ActiveCfg = Debug|iPhone
		{300C8156-E7AF-431F-8627-01869851604B}.Debug|iPhone.Build.0 = Debug|iPhone
		{300C8156-E7AF-431F-8627-01869851604B}.Debug|iPhone.Deploy.0 = Debug|iPhone
		{300C8156-E7AF-431F-8627-01869851604B}.Debug|iPhoneSimulator.ActiveCfg = Debug|iPhoneSimulator
		{300C8156-E7AF-431F-8627-01869851604B}.Debug|iPhoneSimulator.Build.0 = Debug|iPhoneSimulator
		{300C8156-E7AF-431F-8627-01869851604B}.Debug|iPhoneSimulator.Deploy.0 = Debug|iPhoneSimulator
		{300C8156-E7AF-431F-8627-01869851604B}.Release|Any CPU.ActiveCfg = Release|iPhoneSimulator
		{300C8156-E7AF-431F-8627-01869851604B}.Release|Any CPU.Build.0 = Release|iPhoneSimulator
		{300C8156-E7AF-431F-8627-01869851604B}.Release|Any CPU.Deploy.0 = Release|iPhoneSimulator
		{300C8156-E7AF-431F-8627-01869851604B}.Release|iPhone.ActiveCfg = Release|iPhone
		{300C8156-E7AF-431F-8627-01869851604B}.Release|iPhone.Build.0 = Release|iPhone
		{300C8156-E7AF-431F-8627-01869851604B}.Release|iPhone.Deploy.0 = Release|iPhone
		{300C8156-E7AF-431F-8627-01869851604B}.Release|iPhoneSimulator.ActiveCfg = Release|iPhoneSimulator
		{300C8156-E7AF-431F-8627-01869851604B}.Release|iPhoneSimulator.Build.0 = Release|iPhoneSimulator
		{300C8156-E7AF-431F-8627-01869851604B}.Release|iPhoneSimulator.Deploy.0 = Release|iPhoneSimulator
		{F939AF2F-CC7E-4281-BE02-B35B25D4DC36}.Debug|Any CPU.ActiveCfg = Debug|Any CPU
		{F939AF2F-CC7E-4281-BE02-B35B25D4DC36}.Debug|Any CPU.Build.0 = Debug|Any CPU
		{F939AF2F-CC7E-4281-BE02-B35B25D4DC36}.Debug|Any CPU.Deploy.0 = Debug|Any CPU
		{F939AF2F-CC7E-4281-BE02-B35B25D4DC36}.Debug|iPhone.ActiveCfg = Debug|Any CPU
		{F939AF2F-CC7E-4281-BE02-B35B25D4DC36}.Debug|iPhone.Build.0 = Debug|Any CPU
		{F939AF2F-CC7E-4281-BE02-B35B25D4DC36}.Debug|iPhone.Deploy.0 = Debug|Any CPU
		{F939AF2F-CC7E-4281-BE02-B35B25D4DC36}.Debug|iPhoneSimulator.ActiveCfg = Debug|Any CPU
		{F939AF2F-CC7E-4281-BE02-B35B25D4DC36}.Debug|iPhoneSimulator.Build.0 = Debug|Any CPU
		{F939AF2F-CC7E-4281-BE02-B35B25D4DC36}.Debug|iPhoneSimulator.Deploy.0 = Debug|Any CPU
		{F939AF2F-CC7E-4281-BE02-B35B25D4DC36}.Release|Any CPU.ActiveCfg = Release|Any CPU
		{F939AF2F-CC7E-4281-BE02-B35B25D4DC36}.Release|Any CPU.Build.0 = Release|Any CPU
		{F939AF2F-CC7E-4281-BE02-B35B25D4DC36}.Release|Any CPU.Deploy.0 = Release|Any CPU
		{F939AF2F-CC7E-4281-BE02-B35B25D4DC36}.Release|iPhone.ActiveCfg = Release|Any CPU
		{F939AF2F-CC7E-4281-BE02-B35B25D4DC36}.Release|iPhone.Build.0 = Release|Any CPU
		{F939AF2F-CC7E-4281-BE02-B35B25D4DC36}.Release|iPhone.Deploy.0 = Release|Any CPU
		{F939AF2F-CC7E-4281-BE02-B35B25D4DC36}.Release|iPhoneSimulator.ActiveCfg = Release|Any CPU
		{F939AF2F-CC7E-4281-BE02-B35B25D4DC36}.Release|iPhoneSimulator.Build.0 = Release|Any CPU
		{F939AF2F-CC7E-4281-BE02-B35B25D4DC36}.Release|iPhoneSimulator.Deploy.0 = Release|Any CPU
	EndGlobalSection
	GlobalSection(SolutionProperties) = preSolution
		HideSolutionNode = FALSE
	EndGlobalSection
	GlobalSection(ExtensibilityGlobals) = postSolution
		SolutionGuid = {68F64634-C779-4C53-AD2C-B3EAE02E3010}
	EndGlobalSection
EndGlobal
